{
  "nodes": {
    "base16-schemes": {
      "flake": false,
      "locked": {
        "lastModified": 1696158499,
        "narHash": "sha256-5yIHgDTPjoX/3oDEfLSQ0eJZdFL1SaCfb9d6M0RmOTM=",
        "owner": "tinted-theming",
        "repo": "base16-schemes",
        "rev": "a9112eaae86d9dd8ee6bb9445b664fba2f94037a",
        "type": "github"
      },
      "original": {
        "owner": "tinted-theming",
        "repo": "base16-schemes",
        "type": "github"
      }
    },
    "brick": {
      "flake": false,
      "locked": {
        "lastModified": 1699576624,
        "narHash": "sha256-e4/Pnd+G6+4UgcHp5lxDxJcKBxvk1b6MNJcF+ALsWZk=",
        "owner": "jtdaugherty",
        "repo": "brick",
        "rev": "d93cdfca4514664fe04242fcdc3e1ee34742e6c2",
        "type": "github"
      },
      "original": {
        "owner": "jtdaugherty",
        "repo": "brick",
        "type": "github"
      }
    },
    "flake-compat": {
      "flake": false,
      "locked": {
        "lastModified": 1673956053,
        "narHash": "sha256-4gtG9iQuiKITOjNQQeQIpoIB6b16fm+504Ch3sNKLd8=",
        "owner": "edolstra",
        "repo": "flake-compat",
        "rev": "35bb57c0c8d8b62bbfd284272c928ceb64ddbde9",
        "type": "github"
      },
      "original": {
        "owner": "edolstra",
        "repo": "flake-compat",
        "type": "github"
      }
    },
    "hecate": {
      "flake": false,
      "locked": {
        "lastModified": 1700521589,
        "narHash": "sha256-glHemBBBwfUfvnhV5aygse3t+TICih2ZYGA07auZ6f8=",
        "owner": "u-quark",
        "repo": "hecate",
        "rev": "6f0417e8ef1a1ef9c6a5294d9d7dd9aed934f961",
        "type": "github"
      },
      "original": {
        "owner": "u-quark",
        "ref": "gg",
        "repo": "hecate",
        "type": "github"
      }
    },
    "libgit2": {
      "flake": false,
      "locked": {
        "lastModified": 1703195592,
        "narHash": "sha256-yCyV1Bn97V7CwppgdvCSu7nTYn2pQ1qN+xzY/txI2vM=",
        "owner": "u-quark",
        "repo": "libgit2",
        "rev": "17f7213f88c7272d1503479c9cac56abeb3a2a8f",
        "type": "github"
      },
      "original": {
        "owner": "u-quark",
        "ref": "gg",
        "repo": "libgit2",
        "type": "github"
      }
    },
    "nixpkgs": {
      "locked": {
        "lastModified": 1698165151,
        "narHash": "sha256-YozCkD/Z2kS5BpE7R3bT48fOzaDU3B6wsi38TV1rKYU=",
        "owner": "u-quark",
        "repo": "nixpkgs",
        "rev": "5425b6a643a9c17f3f7ed535ef3c4dc5e2b80179",
        "type": "github"
      },
      "original": {
        "owner": "u-quark",
        "ref": "gg",
        "repo": "nixpkgs",
        "type": "github"
      }
    },
    "root": {
      "inputs": {
        "base16-schemes": "base16-schemes",
        "brick": "brick",
        "flake-compat": "flake-compat",
        "hecate": "hecate",
        "libgit2": "libgit2",
        "nixpkgs": "nixpkgs",
        "static-haskell": "static-haskell",
        "vty": "vty",
        "vty-crossplatform": "vty-crossplatform",
        "vty-unix": "vty-unix"
      }
    },
    "static-haskell": {
      "flake": false,
      "locked": {
        "lastModified": 1698167192,
        "narHash": "sha256-kXqKZFwjsORoHzffaX4ES5ZsI7xhYDJB70RUMUkQuvs=",
        "owner": "u-quark",
        "repo": "static-haskell-nix",
        "rev": "f0e821d443a7df1ee99ef23a0a000306aa053738",
        "type": "github"
      },
      "original": {
        "owner": "u-quark",
        "ref": "gg",
        "repo": "static-haskell-nix",
        "type": "github"
      }
    },
    "vty": {
      "flake": false,
      "locked": {
        "lastModified": 1699726422,
        "narHash": "sha256-eLUvb3Y3vzWfUfuMcDYWgf25yruEGSYABE0Ouw/A0Dw=",
        "owner": "u-quark",
        "repo": "vty",
        "rev": "955322a4068a61aa46e98eceaa4ba9e9240e662e",
        "type": "github"
      },
      "original": {
        "owner": "u-quark",
        "ref": "gg",
        "repo": "vty",
        "type": "github"
      }
    },
    "vty-crossplatform": {
      "flake": false,
      "locked": {
        "lastModified": 1699071306,
        "narHash": "sha256-RnetAxIQJjKHEzfzA0MWaFunVbRZ2Qn8Sl/NpnpF7j8=",
        "owner": "jtdaugherty",
        "repo": "vty-crossplatform",
        "rev": "640ea8ee49ea991bab89734f3be126c19c0445a5",
        "type": "github"
      },
      "original": {
        "owner": "jtdaugherty",
        "repo": "vty-crossplatform",
        "type": "github"
      }
    },
    "vty-unix": {
      "flake": false,
      "locked": {
        "lastModified": 1699758157,
        "narHash": "sha256-nGLT+6LE69AC5WarOYe+Crh9w4KgeawxaMAwggkWnZc=",
        "owner": "u-quark",
        "repo": "vty-unix",
        "rev": "d44a3a0c43ad0a4f044a1467480700b583e3f3fd",
        "type": "github"
      },
      "original": {
        "owner": "u-quark",
        "ref": "gg",
        "repo": "vty-unix",
        "type": "github"
      }
    }
  },
  "root": "root",
  "version": 7
}
