{
  "nodes": {
    "base16-schemes": {
      "flake": false,
      "locked": {
        "lastModified": 1696158499,
        "narHash": "sha256-5yIHgDTPjoX/3oDEfLSQ0eJZdFL1SaCfb9d6M0RmOTM=",
        "owner": "tinted-theming",
        "repo": "base16-schemes",
        "rev": "a9112eaae86d9dd8ee6bb9445b664fba2f94037a",
        "type": "github"
      },
      "original": {
        "owner": "tinted-theming",
        "repo": "base16-schemes",
        "type": "github"
      }
    },
    "brick": {
      "flake": false,
      "locked": {
        "lastModified": 1568395380,
        "narHash": "sha256-9PW1k35HWAeKdAehGUmI5qCvUNj5op12EeCrPiH1RJ0=",
        "owner": "jtdaugherty",
        "repo": "brick",
        "rev": "3d34ef115631700ab6d46088357f7e2ab13c424e",
        "type": "github"
      },
      "original": {
        "owner": "jtdaugherty",
        "repo": "brick",
        "rev": "3d34ef115631700ab6d46088357f7e2ab13c424e",
        "type": "github"
      }
    },
    "flake-compat": {
      "flake": false,
      "locked": {
        "lastModified": 1673956053,
        "narHash": "sha256-4gtG9iQuiKITOjNQQeQIpoIB6b16fm+504Ch3sNKLd8=",
        "owner": "edolstra",
        "repo": "flake-compat",
        "rev": "35bb57c0c8d8b62bbfd284272c928ceb64ddbde9",
        "type": "github"
      },
      "original": {
        "owner": "edolstra",
        "repo": "flake-compat",
        "type": "github"
      }
    },
    "libgit2": {
      "flake": false,
      "locked": {
        "lastModified": 1692046180,
        "narHash": "sha256-3W0/i6Pu7I7D1zMQhmEqJVsa7PZpKOqU1+udNENSBvM=",
        "owner": "libgit2",
        "repo": "libgit2",
        "rev": "a2bde63741977ca0f4ef7db2f609df320be67a08",
        "type": "github"
      },
      "original": {
        "owner": "libgit2",
        "ref": "v1.7.1",
        "repo": "libgit2",
        "type": "github"
      }
    },
    "nixpkgs": {
      "locked": {
        "lastModified": 1698165151,
        "narHash": "sha256-YozCkD/Z2kS5BpE7R3bT48fOzaDU3B6wsi38TV1rKYU=",
        "owner": "u-quark",
        "repo": "nixpkgs",
        "rev": "5425b6a643a9c17f3f7ed535ef3c4dc5e2b80179",
        "type": "github"
      },
      "original": {
        "owner": "u-quark",
        "ref": "gg",
        "repo": "nixpkgs",
        "type": "github"
      }
    },
    "root": {
      "inputs": {
        "base16-schemes": "base16-schemes",
        "brick": "brick",
        "flake-compat": "flake-compat",
        "libgit2": "libgit2",
        "nixpkgs": "nixpkgs",
        "static-haskell": "static-haskell",
        "vty": "vty"
      }
    },
    "static-haskell": {
      "flake": false,
      "locked": {
        "lastModified": 1698167192,
        "narHash": "sha256-kXqKZFwjsORoHzffaX4ES5ZsI7xhYDJB70RUMUkQuvs=",
        "owner": "u-quark",
        "repo": "static-haskell-nix",
        "rev": "f0e821d443a7df1ee99ef23a0a000306aa053738",
        "type": "github"
      },
      "original": {
        "owner": "u-quark",
        "ref": "gg",
        "repo": "static-haskell-nix",
        "type": "github"
      }
    },
    "vty": {
      "flake": false,
      "locked": {
        "lastModified": 1697979126,
        "narHash": "sha256-um/v1bufLeVq8OKOZL/lAb3pshR+uQ4d8MMiLj/o3P4=",
        "owner": "u-quark",
        "repo": "vty",
        "rev": "781fff10814412760e657ca1add131a8b2774b6a",
        "type": "github"
      },
      "original": {
        "owner": "u-quark",
        "ref": "gg",
        "repo": "vty",
        "type": "github"
      }
    }
  },
  "root": "root",
  "version": 7
}
